
Microsoft Visual Studio Solution File, Format Version 12.00
# Visual Studio Version 17
VisualStudioVersion = 17.8.34511.84
MinimumVisualStudioVersion = 10.0.40219.1
Project("{9A19103F-16F7-4668-BE54-9A1E7A4F7556}") = "LabsManager", "LabsManager.csproj", "{B1B4D450-34A2-4366-A093-0FF704A1D515}"
EndProject
Global
	GlobalSection(SolutionConfigurationPlatforms) = preSolution
		Debug|Any CPU = Debug|Any CPU
		Release|Any CPU = Release|Any CPU
	EndGlobalSection
	GlobalSection(ProjectConfigurationPlatforms) = postSolution
		{B1B4D450-34A2-4366-A093-0FF704A1D515}.Debug|Any CPU.ActiveCfg = Debug|Any CPU
		{B1B4D450-34A2-4366-A093-0FF704A1D515}.Debug|Any CPU.Build.0 = Debug|Any CPU
		{B1B4D450-34A2-4366-A093-0FF704A1D515}.Release|Any CPU.ActiveCfg = Release|Any CPU
		{B1B4D450-34A2-4366-A093-0FF704A1D515}.Release|Any CPU.Build.0 = Release|Any CPU
	EndGlobalSection
	GlobalSection(SolutionProperties) = preSolution
		HideSolutionNode = FALSE
	EndGlobalSection
	GlobalSection(ExtensibilityGlobals) = postSolution
		SolutionGuid = {4D40D410-45C6-45A7-A8DA-BA63A556C8A5}
	EndGlobalSection
EndGlobal
